// !$*UTF8*$!
{
	archiveVersion = 1;
	classes = {
	};
	objectVersion = 55;
	objects = {

/* Begin PBXBuildFile section */
		ECF0B848271C037B0005EFE9 /* AppDelegate.swift in Sources */ = {isa = PBXBuildFile; fileRef = ECF0B847271C037B0005EFE9 /* AppDelegate.swift */; };
		ECF0B84A271C037B0005EFE9 /* SceneDelegate.swift in Sources */ = {isa = PBXBuildFile; fileRef = ECF0B849271C037B0005EFE9 /* SceneDelegate.swift */; };
		ECF0B84C271C037B0005EFE9 /* ViewController.swift in Sources */ = {isa = PBXBuildFile; fileRef = ECF0B84B271C037B0005EFE9 /* ViewController.swift */; };
		ECF0B84F271C037B0005EFE9 /* Main.storyboard in Resources */ = {isa = PBXBuildFile; fileRef = ECF0B84D271C037B0005EFE9 /* Main.storyboard */; };
		ECF0B854271C037C0005EFE9 /* LaunchScreen.storyboard in Resources */ = {isa = PBXBuildFile; fileRef = ECF0B852271C037C0005EFE9 /* LaunchScreen.storyboard */; };
		ECF0B85D271C0C050005EFE9 /* MediaTableViewCell.swift in Sources */ = {isa = PBXBuildFile; fileRef = ECF0B85B271C0C050005EFE9 /* MediaTableViewCell.swift */; };
		ECF0B85E271C0C050005EFE9 /* MediaTableViewCell.xib in Resources */ = {isa = PBXBuildFile; fileRef = ECF0B85C271C0C050005EFE9 /* MediaTableViewCell.xib */; };
		ECF0B860271C0EC80005EFE9 /* MediaData.swift in Sources */ = {isa = PBXBuildFile; fileRef = ECF0B85F271C0EC80005EFE9 /* MediaData.swift */; };
		ECF0B864271C0F5F0005EFE9 /* TvShow.swift in Sources */ = {isa = PBXBuildFile; fileRef = ECF0B863271C0F5F0005EFE9 /* TvShow.swift */; };
		ECF0B86D271C1D510005EFE9 /* Const.swift in Sources */ = {isa = PBXBuildFile; fileRef = ECF0B86C271C1D510005EFE9 /* Const.swift */; };
		ECF0B86F271C1D5E0005EFE9 /* Image.swift in Sources */ = {isa = PBXBuildFile; fileRef = ECF0B86E271C1D5E0005EFE9 /* Image.swift */; };
		ECF0B873271C4BC20005EFE9 /* Search.storyboard in Resources */ = {isa = PBXBuildFile; fileRef = ECF0B872271C4BC20005EFE9 /* Search.storyboard */; };
		ECF0B875271C4BD00005EFE9 /* SearchViewController.swift in Sources */ = {isa = PBXBuildFile; fileRef = ECF0B874271C4BD00005EFE9 /* SearchViewController.swift */; };
		ECF0B879271C4F2F0005EFE9 /* SearchableViewCell.swift in Sources */ = {isa = PBXBuildFile; fileRef = ECF0B877271C4F2F0005EFE9 /* SearchableViewCell.swift */; };
		ECF0B87A271C4F2F0005EFE9 /* SearchableViewCell.xib in Resources */ = {isa = PBXBuildFile; fileRef = ECF0B878271C4F2F0005EFE9 /* SearchableViewCell.xib */; };
		ECF0B87C271C510B0005EFE9 /* Producer.storyboard in Resources */ = {isa = PBXBuildFile; fileRef = ECF0B87B271C510B0005EFE9 /* Producer.storyboard */; };
		ECF0B87E271C511C0005EFE9 /* ProducerViewController.swift in Sources */ = {isa = PBXBuildFile; fileRef = ECF0B87D271C511C0005EFE9 /* ProducerViewController.swift */; };
		ECF0B881271C512E0005EFE9 /* ProducerTableViewCell.swift in Sources */ = {isa = PBXBuildFile; fileRef = ECF0B87F271C512E0005EFE9 /* ProducerTableViewCell.swift */; };
		ECF0B882271C512E0005EFE9 /* ProducerTableViewCell.xib in Resources */ = {isa = PBXBuildFile; fileRef = ECF0B880271C512E0005EFE9 /* ProducerTableViewCell.xib */; };
		ECF0B883271C65280005EFE9 /* Assets.xcassets in Resources */ = {isa = PBXBuildFile; fileRef = ECF0B850271C037C0005EFE9 /* Assets.xcassets */; };
/* End PBXBuildFile section */

/* Begin PBXFileReference section */
		ECF0B844271C037B0005EFE9 /* Day13_Assignment-TrendMedia.app */ = {isa = PBXFileReference; explicitFileType = wrapper.application; includeInIndex = 0; path = "Day13_Assignment-TrendMedia.app"; sourceTree = BUILT_PRODUCTS_DIR; };
		ECF0B847271C037B0005EFE9 /* AppDelegate.swift */ = {isa = PBXFileReference; lastKnownFileType = sourcecode.swift; path = AppDelegate.swift; sourceTree = "<group>"; };
		ECF0B849271C037B0005EFE9 /* SceneDelegate.swift */ = {isa = PBXFileReference; lastKnownFileType = sourcecode.swift; path = SceneDelegate.swift; sourceTree = "<group>"; };
		ECF0B84B271C037B0005EFE9 /* ViewController.swift */ = {isa = PBXFileReference; lastKnownFileType = sourcecode.swift; path = ViewController.swift; sourceTree = "<group>"; };
		ECF0B84E271C037B0005EFE9 /* Base */ = {isa = PBXFileReference; lastKnownFileType = file.storyboard; name = Base; path = Base.lproj/Main.storyboard; sourceTree = "<group>"; };
		ECF0B850271C037C0005EFE9 /* Assets.xcassets */ = {isa = PBXFileReference; lastKnownFileType = folder.assetcatalog; path = Assets.xcassets; sourceTree = "<group>"; };
		ECF0B853271C037C0005EFE9 /* Base */ = {isa = PBXFileReference; lastKnownFileType = file.storyboard; name = Base; path = Base.lproj/LaunchScreen.storyboard; sourceTree = "<group>"; };
		ECF0B855271C037C0005EFE9 /* Info.plist */ = {isa = PBXFileReference; lastKnownFileType = text.plist.xml; path = Info.plist; sourceTree = "<group>"; };
		ECF0B85B271C0C050005EFE9 /* MediaTableViewCell.swift */ = {isa = PBXFileReference; lastKnownFileType = sourcecode.swift; path = MediaTableViewCell.swift; sourceTree = "<group>"; };
		ECF0B85C271C0C050005EFE9 /* MediaTableViewCell.xib */ = {isa = PBXFileReference; lastKnownFileType = file.xib; path = MediaTableViewCell.xib; sourceTree = "<group>"; };
		ECF0B85F271C0EC80005EFE9 /* MediaData.swift */ = {isa = PBXFileReference; lastKnownFileType = sourcecode.swift; path = MediaData.swift; sourceTree = "<group>"; };
		ECF0B863271C0F5F0005EFE9 /* TvShow.swift */ = {isa = PBXFileReference; lastKnownFileType = sourcecode.swift; path = TvShow.swift; sourceTree = "<group>"; };
		ECF0B86C271C1D510005EFE9 /* Const.swift */ = {isa = PBXFileReference; lastKnownFileType = sourcecode.swift; path = Const.swift; sourceTree = "<group>"; };
		ECF0B86E271C1D5E0005EFE9 /* Image.swift */ = {isa = PBXFileReference; lastKnownFileType = sourcecode.swift; path = Image.swift; sourceTree = "<group>"; };
		ECF0B872271C4BC20005EFE9 /* Search.storyboard */ = {isa = PBXFileReference; lastKnownFileType = file.storyboard; path = Search.storyboard; sourceTree = "<group>"; };
		ECF0B874271C4BD00005EFE9 /* SearchViewController.swift */ = {isa = PBXFileReference; lastKnownFileType = sourcecode.swift; path = SearchViewController.swift; sourceTree = "<group>"; };
		ECF0B877271C4F2F0005EFE9 /* SearchableViewCell.swift */ = {isa = PBXFileReference; lastKnownFileType = sourcecode.swift; path = SearchableViewCell.swift; sourceTree = "<group>"; };
		ECF0B878271C4F2F0005EFE9 /* SearchableViewCell.xib */ = {isa = PBXFileReference; lastKnownFileType = file.xib; path = SearchableViewCell.xib; sourceTree = "<group>"; };
		ECF0B87B271C510B0005EFE9 /* Producer.storyboard */ = {isa = PBXFileReference; lastKnownFileType = file.storyboard; path = Producer.storyboard; sourceTree = "<group>"; };
		ECF0B87D271C511C0005EFE9 /* ProducerViewController.swift */ = {isa = PBXFileReference; lastKnownFileType = sourcecode.swift; path = ProducerViewController.swift; sourceTree = "<group>"; };
		ECF0B87F271C512E0005EFE9 /* ProducerTableViewCell.swift */ = {isa = PBXFileReference; lastKnownFileType = sourcecode.swift; path = ProducerTableViewCell.swift; sourceTree = "<group>"; };
		ECF0B880271C512E0005EFE9 /* ProducerTableViewCell.xib */ = {isa = PBXFileReference; lastKnownFileType = file.xib; path = ProducerTableViewCell.xib; sourceTree = "<group>"; };
/* End PBXFileReference section */

/* Begin PBXFrameworksBuildPhase section */
		ECF0B841271C037B0005EFE9 /* Frameworks */ = {
			isa = PBXFrameworksBuildPhase;
			buildActionMask = 2147483647;
			files = (
			);
			runOnlyForDeploymentPostprocessing = 0;
		};
/* End PBXFrameworksBuildPhase section */

/* Begin PBXGroup section */
		ECF0B83B271C037B0005EFE9 = {
			isa = PBXGroup;
			children = (
				ECF0B846271C037B0005EFE9 /* Day13_Assignment-TrendMedia */,
				ECF0B845271C037B0005EFE9 /* Products */,
			);
			sourceTree = "<group>";
		};
		ECF0B845271C037B0005EFE9 /* Products */ = {
			isa = PBXGroup;
			children = (
				ECF0B844271C037B0005EFE9 /* Day13_Assignment-TrendMedia.app */,
			);
			name = Products;
			sourceTree = "<group>";
		};
		ECF0B846271C037B0005EFE9 /* Day13_Assignment-TrendMedia */ = {
			isa = PBXGroup;
			children = (
				ECF0B865271C1CBE0005EFE9 /* Resource */,
				ECF0B867271C1CCD0005EFE9 /* Source */,
				ECF0B855271C037C0005EFE9 /* Info.plist */,
			);
			path = "Day13_Assignment-TrendMedia";
			sourceTree = "<group>";
		};
		ECF0B865271C1CBE0005EFE9 /* Resource */ = {
			isa = PBXGroup;
			children = (
				ECF0B850271C037C0005EFE9 /* Assets.xcassets */,
				ECF0B868271C1CEA0005EFE9 /* Constants */,
				ECF0B866271C1CC30005EFE9 /* Storyboard */,
			);
			path = Resource;
			sourceTree = "<group>";
		};
		ECF0B866271C1CC30005EFE9 /* Storyboard */ = {
			isa = PBXGroup;
			children = (
				ECF0B84D271C037B0005EFE9 /* Main.storyboard */,
				ECF0B872271C4BC20005EFE9 /* Search.storyboard */,
				ECF0B87B271C510B0005EFE9 /* Producer.storyboard */,
			);
			path = Storyboard;
			sourceTree = "<group>";
		};
		ECF0B867271C1CCD0005EFE9 /* Source */ = {
			isa = PBXGroup;
			children = (
				ECF0B849271C037B0005EFE9 /* SceneDelegate.swift */,
				ECF0B847271C037B0005EFE9 /* AppDelegate.swift */,
				ECF0B86B271C1D190005EFE9 /* Model */,
				ECF0B86A271C1CF70005EFE9 /* Cell */,
				ECF0B869271C1CF00005EFE9 /* ViewControllers */,
			);
			path = Source;
			sourceTree = "<group>";
		};
		ECF0B868271C1CEA0005EFE9 /* Constants */ = {
			isa = PBXGroup;
			children = (
				ECF0B86C271C1D510005EFE9 /* Const.swift */,
				ECF0B86E271C1D5E0005EFE9 /* Image.swift */,
			);
			path = Constants;
			sourceTree = "<group>";
		};
		ECF0B869271C1CF00005EFE9 /* ViewControllers */ = {
			isa = PBXGroup;
			children = (
				ECF0B852271C037C0005EFE9 /* LaunchScreen.storyboard */,
				ECF0B84B271C037B0005EFE9 /* ViewController.swift */,
				ECF0B874271C4BD00005EFE9 /* SearchViewController.swift */,
				ECF0B87D271C511C0005EFE9 /* ProducerViewController.swift */,
			);
			path = ViewControllers;
			sourceTree = "<group>";
		};
		ECF0B86A271C1CF70005EFE9 /* Cell */ = {
			isa = PBXGroup;
			children = (
				ECF0B85B271C0C050005EFE9 /* MediaTableViewCell.swift */,
				ECF0B85C271C0C050005EFE9 /* MediaTableViewCell.xib */,
				ECF0B877271C4F2F0005EFE9 /* SearchableViewCell.swift */,
				ECF0B878271C4F2F0005EFE9 /* SearchableViewCell.xib */,
				ECF0B87F271C512E0005EFE9 /* ProducerTableViewCell.swift */,
				ECF0B880271C512E0005EFE9 /* ProducerTableViewCell.xib */,
			);
			path = Cell;
			sourceTree = "<group>";
		};
		ECF0B86B271C1D190005EFE9 /* Model */ = {
			isa = PBXGroup;
			children = (
				ECF0B85F271C0EC80005EFE9 /* MediaData.swift */,
				ECF0B863271C0F5F0005EFE9 /* TvShow.swift */,
			);
			path = Model;
			sourceTree = "<group>";
		};
/* End PBXGroup section */

/* Begin PBXNativeTarget section */
		ECF0B843271C037B0005EFE9 /* Day13_Assignment-TrendMedia */ = {
			isa = PBXNativeTarget;
			buildConfigurationList = ECF0B858271C037C0005EFE9 /* Build configuration list for PBXNativeTarget "Day13_Assignment-TrendMedia" */;
			buildPhases = (
				ECF0B840271C037B0005EFE9 /* Sources */,
				ECF0B841271C037B0005EFE9 /* Frameworks */,
				ECF0B842271C037B0005EFE9 /* Resources */,
			);
			buildRules = (
			);
			dependencies = (
			);
			name = "Day13_Assignment-TrendMedia";
			productName = "Day13_Assignment-TrendMedia";
			productReference = ECF0B844271C037B0005EFE9 /* Day13_Assignment-TrendMedia.app */;
			productType = "com.apple.product-type.application";
		};
/* End PBXNativeTarget section */

/* Begin PBXProject section */
		ECF0B83C271C037B0005EFE9 /* Project object */ = {
			isa = PBXProject;
			attributes = {
				BuildIndependentTargetsInParallel = 1;
				LastSwiftUpdateCheck = 1300;
				LastUpgradeCheck = 1300;
				TargetAttributes = {
					ECF0B843271C037B0005EFE9 = {
						CreatedOnToolsVersion = 13.0;
					};
				};
			};
			buildConfigurationList = ECF0B83F271C037B0005EFE9 /* Build configuration list for PBXProject "Day13_Assignment-TrendMedia" */;
			compatibilityVersion = "Xcode 13.0";
			developmentRegion = en;
			hasScannedForEncodings = 0;
			knownRegions = (
				en,
				Base,
			);
			mainGroup = ECF0B83B271C037B0005EFE9;
			productRefGroup = ECF0B845271C037B0005EFE9 /* Products */;
			projectDirPath = "";
			projectRoot = "";
			targets = (
				ECF0B843271C037B0005EFE9 /* Day13_Assignment-TrendMedia */,
			);
		};
/* End PBXProject section */

/* Begin PBXResourcesBuildPhase section */
		ECF0B842271C037B0005EFE9 /* Resources */ = {
			isa = PBXResourcesBuildPhase;
			buildActionMask = 2147483647;
			files = (
				ECF0B883271C65280005EFE9 /* Assets.xcassets in Resources */,
				ECF0B854271C037C0005EFE9 /* LaunchScreen.storyboard in Resources */,
				ECF0B882271C512E0005EFE9 /* ProducerTableViewCell.xib in Resources */,
				ECF0B87C271C510B0005EFE9 /* Producer.storyboard in Resources */,
				ECF0B85E271C0C050005EFE9 /* MediaTableViewCell.xib in Resources */,
				ECF0B84F271C037B0005EFE9 /* Main.storyboard in Resources */,
				ECF0B87A271C4F2F0005EFE9 /* SearchableViewCell.xib in Resources */,
				ECF0B873271C4BC20005EFE9 /* Search.storyboard in Resources */,
			);
			runOnlyForDeploymentPostprocessing = 0;
		};
/* End PBXResourcesBuildPhase section */

/* Begin PBXSourcesBuildPhase section */
		ECF0B840271C037B0005EFE9 /* Sources */ = {
			isa = PBXSourcesBuildPhase;
			buildActionMask = 2147483647;
			files = (
				ECF0B864271C0F5F0005EFE9 /* TvShow.swift in Sources */,
				ECF0B86F271C1D5E0005EFE9 /* Image.swift in Sources */,
				ECF0B879271C4F2F0005EFE9 /* SearchableViewCell.swift in Sources */,
				ECF0B84C271C037B0005EFE9 /* ViewController.swift in Sources */,
				ECF0B875271C4BD00005EFE9 /* SearchViewController.swift in Sources */,
				ECF0B881271C512E0005EFE9 /* ProducerTableViewCell.swift in Sources */,
				ECF0B860271C0EC80005EFE9 /* MediaData.swift in Sources */,
				ECF0B848271C037B0005EFE9 /* AppDelegate.swift in Sources */,
				ECF0B85D271C0C050005EFE9 /* MediaTableViewCell.swift in Sources */,
				ECF0B87E271C511C0005EFE9 /* ProducerViewController.swift in Sources */,
				ECF0B84A271C037B0005EFE9 /* SceneDelegate.swift in Sources */,
				ECF0B86D271C1D510005EFE9 /* Const.swift in Sources */,
			);
			runOnlyForDeploymentPostprocessing = 0;
		};
/* End PBXSourcesBuildPhase section */

/* Begin PBXVariantGroup section */
		ECF0B84D271C037B0005EFE9 /* Main.storyboard */ = {
			isa = PBXVariantGroup;
			children = (
				ECF0B84E271C037B0005EFE9 /* Base */,
			);
			name = Main.storyboard;
			sourceTree = "<group>";
		};
		ECF0B852271C037C0005EFE9 /* LaunchScreen.storyboard */ = {
			isa = PBXVariantGroup;
			children = (
				ECF0B853271C037C0005EFE9 /* Base */,
			);
			name = LaunchScreen.storyboard;
			sourceTree = "<group>";
		};
/* End PBXVariantGroup section */

/* Begin XCBuildConfiguration section */
		ECF0B856271C037C0005EFE9 /* Debug */ = {
			isa = XCBuildConfiguration;
			buildSettings = {
				ALWAYS_SEARCH_USER_PATHS = NO;
				CLANG_ANALYZER_NONNULL = YES;
				CLANG_ANALYZER_NUMBER_OBJECT_CONVERSION = YES_AGGRESSIVE;
				CLANG_CXX_LANGUAGE_STANDARD = "gnu++17";
				CLANG_CXX_LIBRARY = "libc++";
				CLANG_ENABLE_MODULES = YES;
				CLANG_ENABLE_OBJC_ARC = YES;
				CLANG_ENABLE_OBJC_WEAK = YES;
				CLANG_WARN_BLOCK_CAPTURE_AUTORELEASING = YES;
				CLANG_WARN_BOOL_CONVERSION = YES;
				CLANG_WARN_COMMA = YES;
				CLANG_WARN_CONSTANT_CONVERSION = YES;
				CLANG_WARN_DEPRECATED_OBJC_IMPLEMENTATIONS = YES;
				CLANG_WARN_DIRECT_OBJC_ISA_USAGE = YES_ERROR;
				CLANG_WARN_DOCUMENTATION_COMMENTS = YES;
				CLANG_WARN_EMPTY_BODY = YES;
				CLANG_WARN_ENUM_CONVERSION = YES;
				CLANG_WARN_INFINITE_RECURSION = YES;
				CLANG_WARN_INT_CONVERSION = YES;
				CLANG_WARN_NON_LITERAL_NULL_CONVERSION = YES;
				CLANG_WARN_OBJC_IMPLICIT_RETAIN_SELF = YES;
				CLANG_WARN_OBJC_LITERAL_CONVERSION = YES;
				CLANG_WARN_OBJC_ROOT_CLASS = YES_ERROR;
				CLANG_WARN_QUOTED_INCLUDE_IN_FRAMEWORK_HEADER = YES;
				CLANG_WARN_RANGE_LOOP_ANALYSIS = YES;
				CLANG_WARN_STRICT_PROTOTYPES = YES;
				CLANG_WARN_SUSPICIOUS_MOVE = YES;
				CLANG_WARN_UNGUARDED_AVAILABILITY = YES_AGGRESSIVE;
				CLANG_WARN_UNREACHABLE_CODE = YES;
				CLANG_WARN__DUPLICATE_METHOD_MATCH = YES;
				COPY_PHASE_STRIP = NO;
				DEBUG_INFORMATION_FORMAT = dwarf;
				ENABLE_STRICT_OBJC_MSGSEND = YES;
				ENABLE_TESTABILITY = YES;
				GCC_C_LANGUAGE_STANDARD = gnu11;
				GCC_DYNAMIC_NO_PIC = NO;
				GCC_NO_COMMON_BLOCKS = YES;
				GCC_OPTIMIZATION_LEVEL = 0;
				GCC_PREPROCESSOR_DEFINITIONS = (
					"DEBUG=1",
					"$(inherited)",
				);
				GCC_WARN_64_TO_32_BIT_CONVERSION = YES;
				GCC_WARN_ABOUT_RETURN_TYPE = YES_ERROR;
				GCC_WARN_UNDECLARED_SELECTOR = YES;
				GCC_WARN_UNINITIALIZED_AUTOS = YES_AGGRESSIVE;
				GCC_WARN_UNUSED_FUNCTION = YES;
				GCC_WARN_UNUSED_VARIABLE = YES;
				IPHONEOS_DEPLOYMENT_TARGET = 15.0;
				MTL_ENABLE_DEBUG_INFO = INCLUDE_SOURCE;
				MTL_FAST_MATH = YES;
				ONLY_ACTIVE_ARCH = YES;
				SDKROOT = iphoneos;
				SWIFT_ACTIVE_COMPILATION_CONDITIONS = DEBUG;
				SWIFT_OPTIMIZATION_LEVEL = "-Onone";
			};
			name = Debug;
		};
		ECF0B857271C037C0005EFE9 /* Release */ = {
			isa = XCBuildConfiguration;
			buildSettings = {
				ALWAYS_SEARCH_USER_PATHS = NO;
				CLANG_ANALYZER_NONNULL = YES;
				CLANG_ANALYZER_NUMBER_OBJECT_CONVERSION = YES_AGGRESSIVE;
				CLANG_CXX_LANGUAGE_STANDARD = "gnu++17";
				CLANG_CXX_LIBRARY = "libc++";
				CLANG_ENABLE_MODULES = YES;
				CLANG_ENABLE_OBJC_ARC = YES;
				CLANG_ENABLE_OBJC_WEAK = YES;
				CLANG_WARN_BLOCK_CAPTURE_AUTORELEASING = YES;
				CLANG_WARN_BOOL_CONVERSION = YES;
				CLANG_WARN_COMMA = YES;
				CLANG_WARN_CONSTANT_CONVERSION = YES;
				CLANG_WARN_DEPRECATED_OBJC_IMPLEMENTATIONS = YES;
				CLANG_WARN_DIRECT_OBJC_ISA_USAGE = YES_ERROR;
				CLANG_WARN_DOCUMENTATION_COMMENTS = YES;
				CLANG_WARN_EMPTY_BODY = YES;
				CLANG_WARN_ENUM_CONVERSION = YES;
				CLANG_WARN_INFINITE_RECURSION = YES;
				CLANG_WARN_INT_CONVERSION = YES;
				CLANG_WARN_NON_LITERAL_NULL_CONVERSION = YES;
				CLANG_WARN_OBJC_IMPLICIT_RETAIN_SELF = YES;
				CLANG_WARN_OBJC_LITERAL_CONVERSION = YES;
				CLANG_WARN_OBJC_ROOT_CLASS = YES_ERROR;
				CLANG_WARN_QUOTED_INCLUDE_IN_FRAMEWORK_HEADER = YES;
				CLANG_WARN_RANGE_LOOP_ANALYSIS = YES;
				CLANG_WARN_STRICT_PROTOTYPES = YES;
				CLANG_WARN_SUSPICIOUS_MOVE = YES;
				CLANG_WARN_UNGUARDED_AVAILABILITY = YES_AGGRESSIVE;
				CLANG_WARN_UNREACHABLE_CODE = YES;
				CLANG_WARN__DUPLICATE_METHOD_MATCH = YES;
				COPY_PHASE_STRIP = NO;
				DEBUG_INFORMATION_FORMAT = "dwarf-with-dsym";
				ENABLE_NS_ASSERTIONS = NO;
				ENABLE_STRICT_OBJC_MSGSEND = YES;
				GCC_C_LANGUAGE_STANDARD = gnu11;
				GCC_NO_COMMON_BLOCKS = YES;
				GCC_WARN_64_TO_32_BIT_CONVERSION = YES;
				GCC_WARN_ABOUT_RETURN_TYPE = YES_ERROR;
				GCC_WARN_UNDECLARED_SELECTOR = YES;
				GCC_WARN_UNINITIALIZED_AUTOS = YES_AGGRESSIVE;
				GCC_WARN_UNUSED_FUNCTION = YES;
				GCC_WARN_UNUSED_VARIABLE = YES;
				IPHONEOS_DEPLOYMENT_TARGET = 15.0;
				MTL_ENABLE_DEBUG_INFO = NO;
				MTL_FAST_MATH = YES;
				SDKROOT = iphoneos;
				SWIFT_COMPILATION_MODE = wholemodule;
				SWIFT_OPTIMIZATION_LEVEL = "-O";
				VALIDATE_PRODUCT = YES;
			};
			name = Release;
		};
		ECF0B859271C037C0005EFE9 /* Debug */ = {
			isa = XCBuildConfiguration;
			buildSettings = {
				ASSETCATALOG_COMPILER_APPICON_NAME = AppIcon;
				ASSETCATALOG_COMPILER_GLOBAL_ACCENT_COLOR_NAME = AccentColor;
				CODE_SIGN_STYLE = Automatic;
				CURRENT_PROJECT_VERSION = 1;
				DEVELOPMENT_TEAM = RQHZUCMHSH;
				GENERATE_INFOPLIST_FILE = YES;
				INFOPLIST_FILE = "Day13_Assignment-TrendMedia/Info.plist";
				INFOPLIST_KEY_UIApplicationSupportsIndirectInputEvents = YES;
				INFOPLIST_KEY_UILaunchStoryboardName = LaunchScreen;
				INFOPLIST_KEY_UIMainStoryboardFile = Main;
				INFOPLIST_KEY_UISupportedInterfaceOrientations_iPad = "UIInterfaceOrientationPortrait UIInterfaceOrientationPortraitUpsideDown UIInterfaceOrientationLandscapeLeft UIInterfaceOrientationLandscapeRight";
				INFOPLIST_KEY_UISupportedInterfaceOrientations_iPhone = "UIInterfaceOrientationPortrait UIInterfaceOrientationLandscapeLeft UIInterfaceOrientationLandscapeRight";
				LD_RUNPATH_SEARCH_PATHS = (
					"$(inherited)",
					"@executable_path/Frameworks",
				);
				MARKETING_VERSION = 1.0;
				PRODUCT_BUNDLE_IDENTIFIER = "seungchan.Day13-Assignment-TrendMedia";
				PRODUCT_NAME = "$(TARGET_NAME)";
				SWIFT_EMIT_LOC_STRINGS = YES;
				SWIFT_VERSION = 5.0;
				TARGETED_DEVICE_FAMILY = "1,2";
			};
			name = Debug;
		};
		ECF0B85A271C037C0005EFE9 /* Release */ = {
			isa = XCBuildConfiguration;
			buildSettings = {
				ASSETCATALOG_COMPILER_APPICON_NAME = AppIcon;
				ASSETCATALOG_COMPILER_GLOBAL_ACCENT_COLOR_NAME = AccentColor;
				CODE_SIGN_STYLE = Automatic;
				CURRENT_PROJECT_VERSION = 1;
				DEVELOPMENT_TEAM = RQHZUCMHSH;
				GENERATE_INFOPLIST_FILE = YES;
				INFOPLIST_FILE = "Day13_Assignment-TrendMedia/Info.plist";
				INFOPLIST_KEY_UIApplicationSupportsIndirectInputEvents = YES;
				INFOPLIST_KEY_UILaunchStoryboardName = LaunchScreen;
				INFOPLIST_KEY_UIMainStoryboardFile = Main;
				INFOPLIST_KEY_UISupportedInterfaceOrientations_iPad = "UIInterfaceOrientationPortrait UIInterfaceOrientationPortraitUpsideDown UIInterfaceOrientationLandscapeLeft UIInterfaceOrientationLandscapeRight";
				INFOPLIST_KEY_UISupportedInterfaceOrientations_iPhone = "UIInterfaceOrientationPortrait UIInterfaceOrientationLandscapeLeft UIInterfaceOrientationLandscapeRight";
				LD_RUNPATH_SEARCH_PATHS = (
					"$(inherited)",
					"@executable_path/Frameworks",
				);
				MARKETING_VERSION = 1.0;
				PRODUCT_BUNDLE_IDENTIFIER = "seungchan.Day13-Assignment-TrendMedia";
				PRODUCT_NAME = "$(TARGET_NAME)";
				SWIFT_EMIT_LOC_STRINGS = YES;
				SWIFT_VERSION = 5.0;
				TARGETED_DEVICE_FAMILY = "1,2";
			};
			name = Release;
		};
/* End XCBuildConfiguration section */

/* Begin XCConfigurationList section */
		ECF0B83F271C037B0005EFE9 /* Build configuration list for PBXProject "Day13_Assignment-TrendMedia" */ = {
			isa = XCConfigurationList;
			buildConfigurations = (
				ECF0B856271C037C0005EFE9 /* Debug */,
				ECF0B857271C037C0005EFE9 /* Release */,
			);
			defaultConfigurationIsVisible = 0;
			defaultConfigurationName = Release;
		};
		ECF0B858271C037C0005EFE9 /* Build configuration list for PBXNativeTarget "Day13_Assignment-TrendMedia" */ = {
			isa = XCConfigurationList;
			buildConfigurations = (
				ECF0B859271C037C0005EFE9 /* Debug */,
				ECF0B85A271C037C0005EFE9 /* Release */,
			);
			defaultConfigurationIsVisible = 0;
			defaultConfigurationName = Release;
		};
/* End XCConfigurationList section */
	};
	rootObject = ECF0B83C271C037B0005EFE9 /* Project object */;
}
